{
  "nodes": {
    "nixpkgs": {
      "locked": {
        "lastModified": 1770617025,
        "narHash": "sha256-1jZvgZoAagZZB6NwGRv2T2ezPy+X6EFDsJm+YSlsvEs=",
        "rev": "2db38e08fdadcc0ce3232f7279bab59a15b94482",
        "revCount": 907499,
        "type": "tarball",
        "url": "https://api.flakehub.com/f/pinned/NixOS/nixpkgs/0.2511.907499%2Brev-2db38e08fdadcc0ce3232f7279bab59a15b94482/019c48af-8174-729b-8c62-372e469849d4/source.tar.gz"
      },
      "original": {
        "type": "tarball",
        "url": "https://flakehub.com/f/NixOS/nixpkgs/0"
      }
    },
    "root": {
      "inputs": {
        "nixpkgs": "nixpkgs"
      }
    }
  },
  "root": "root",
  "version": 7
}
