{
  "nodes": {
    "nixpkgs": {
      "locked": {
        "lastModified": 1748708770,
        "narHash": "sha256-q8jG2HJWgooWa9H0iatZqBPF3bp0504e05MevFmnFLY=",
        "rev": "a59eb7800787c926045d51b70982ae285faa2346",
        "revCount": 802985,
        "type": "tarball",
        "url": "https://api.flakehub.com/f/pinned/NixOS/nixpkgs/0.2505.802985%2Brev-a59eb7800787c926045d51b70982ae285faa2346/01972f28-f65f-7fc5-9d0a-8c7413937c4d/source.tar.gz"
      },
      "original": {
        "type": "tarball",
        "url": "https://flakehub.com/f/NixOS/nixpkgs/0"
      }
    },
    "root": {
      "inputs": {
        "nixpkgs": "nixpkgs"
      }
    }
  },
  "root": "root",
  "version": 7
}
